{
  "nodes": {
    "flake-utils": {
      "locked": {
        "lastModified": 1656928814,
        "narHash": "sha256-RIFfgBuKz6Hp89yRr7+NR5tzIAbn52h8vT6vXkYjZoM=",
        "owner": "numtide",
        "repo": "flake-utils",
        "rev": "7e2a3b3dfd9af950a856d66b0a7d01e3c18aa249",
        "type": "github"
      },
      "original": {
        "owner": "numtide",
        "repo": "flake-utils",
        "type": "github"
      }
    },
    "nixpkgs": {
      "locked": {
        "lastModified": 1673937170,
        "narHash": "sha256-OQbGEHqOXl/qCSGB8Yl3EdcNWemfaeBbmAP8grrD13Q=",
        "owner": "lf-",
        "repo": "nixpkgs",
        "rev": "22cfceed3dba274560f9a090fa44d7d7db12125e",
        "type": "github"
      },
      "original": {
        "owner": "lf-",
        "ref": "jade/update-afl",
        "repo": "nixpkgs",
        "type": "github"
      }
    },
    "root": {
      "inputs": {
        "flake-utils": "flake-utils",
        "nixpkgs": "nixpkgs"
      }
    }
  },
  "root": "root",
  "version": 7
}
